
Microsoft Visual Studio Solution File, Format Version 12.00
# Visual Studio Version 17
VisualStudioVersion = 17.5.002.0
MinimumVisualStudioVersion = 10.0.40219.1
Project("{9A19103F-16F7-4668-BE54-9A1E7A4F7556}") = "slmvc", "slmvc.csproj", "{E834E356-277E-4B51-9B59-722C535B397F}"
EndProject
Global
	GlobalSection(SolutionConfigurationPlatforms) = preSolution
		Debug|Any CPU = Debug|Any CPU
		Release|Any CPU = Release|Any CPU
	EndGlobalSection
	GlobalSection(ProjectConfigurationPlatforms) = postSolution
		{E834E356-277E-4B51-9B59-722C535B397F}.Debug|Any CPU.ActiveCfg = Debug|Any CPU
		{E834E356-277E-4B51-9B59-722C535B397F}.Debug|Any CPU.Build.0 = Debug|Any CPU
		{E834E356-277E-4B51-9B59-722C535B397F}.Release|Any CPU.ActiveCfg = Release|Any CPU
		{E834E356-277E-4B51-9B59-722C535B397F}.Release|Any CPU.Build.0 = Release|Any CPU
	EndGlobalSection
	GlobalSection(SolutionProperties) = preSolution
		HideSolutionNode = FALSE
	EndGlobalSection
	GlobalSection(ExtensibilityGlobals) = postSolution
		SolutionGuid = {549D4D7A-B090-4B33-9B42-4DB2F9CB6B6C}
	EndGlobalSection
EndGlobal
